
Microsoft Visual Studio Solution File, Format Version 12.00
# Visual Studio Version 17
VisualStudioVersion = 17.3.32929.385
MinimumVisualStudioVersion = 10.0.40219.1
Project("{8BC9CEB8-8B4A-11D0-8D11-00A0C91BC942}") = "Code project", "Code project.vcxproj", "{3808FC50-0DDB-4864-8CD1-856570F8A1F2}"
EndProject
Global
	GlobalSection(SolutionConfigurationPlatforms) = preSolution
		Debug|x64 = Debug|x64
		Debug|x86 = Debug|x86
		Release|x64 = Release|x64
		Release|x86 = Release|x86
	EndGlobalSection
	GlobalSection(ProjectConfigurationPlatforms) = postSolution
		{3808FC50-0DDB-4864-8CD1-856570F8A1F2}.Debug|x64.ActiveCfg = Debug|x64
		{3808FC50-0DDB-4864-8CD1-856570F8A1F2}.Debug|x64.Build.0 = Debug|x64
		{3808FC50-0DDB-4864-8CD1-856570F8A1F2}.Debug|x86.ActiveCfg = Debug|Win32
		{3808FC50-0DDB-4864-8CD1-856570F8A1F2}.Debug|x86.Build.0 = Debug|Win32
		{3808FC50-0DDB-4864-8CD1-856570F8A1F2}.Release|x64.ActiveCfg = Release|x64
		{3808FC50-0DDB-4864-8CD1-856570F8A1F2}.Release|x64.Build.0 = Release|x64
		{3808FC50-0DDB-4864-8CD1-856570F8A1F2}.Release|x86.ActiveCfg = Release|Win32
		{3808FC50-0DDB-4864-8CD1-856570F8A1F2}.Release|x86.Build.0 = Release|Win32
	EndGlobalSection
	GlobalSection(SolutionProperties) = preSolution
		HideSolutionNode = FALSE
	EndGlobalSection
	GlobalSection(ExtensibilityGlobals) = postSolution
		SolutionGuid = {B6DD7011-8BE9-40FB-9EA0-E21A0104964D}
	EndGlobalSection
EndGlobal
